// !$*UTF8*$!
{
	archiveVersion = 1;
	classes = {
	};
	objectVersion = 46;
	objects = {

/* Begin PBXBuildFile section */
		832BADA31C1981A400038D1D /* main.cpp in Sources */ = {isa = PBXBuildFile; fileRef = 832BADA21C1981A400038D1D /* main.cpp */; };
		832BADAB1C1981C400038D1D /* command_line.cpp in Sources */ = {isa = PBXBuildFile; fileRef = 832BADA91C1981C400038D1D /* command_line.cpp */; };
/* End PBXBuildFile section */

/* Begin PBXCopyFilesBuildPhase section */
		832BAD9D1C1981A400038D1D /* CopyFiles */ = {
			isa = PBXCopyFilesBuildPhase;
			buildActionMask = 2147483647;
			dstPath = /usr/share/man/man1/;
			dstSubfolderSpec = 0;
			files = (
			);
			runOnlyForDeploymentPostprocessing = 1;
		};
/* End PBXCopyFilesBuildPhase section */

/* Begin PBXFileReference section */
		832BAD9F1C1981A400038D1D /* TP6_DING_Hongyang */ = {isa = PBXFileReference; explicitFileType = "compiled.mach-o.executable"; includeInIndex = 0; path = TP6_DING_Hongyang; sourceTree = BUILT_PRODUCTS_DIR; };
		832BADA21C1981A400038D1D /* main.cpp */ = {isa = PBXFileReference; lastKnownFileType = sourcecode.cpp.cpp; path = main.cpp; sourceTree = "<group>"; };
		832BADA91C1981C400038D1D /* command_line.cpp */ = {isa = PBXFileReference; fileEncoding = 4; lastKnownFileType = sourcecode.cpp.cpp; path = command_line.cpp; sourceTree = "<group>"; };
		832BADAA1C1981C400038D1D /* command_line.hpp */ = {isa = PBXFileReference; fileEncoding = 4; lastKnownFileType = sourcecode.cpp.h; path = command_line.hpp; sourceTree = "<group>"; };
/* End PBXFileReference section */

/* Begin PBXFrameworksBuildPhase section */
		832BAD9C1C1981A400038D1D /* Frameworks */ = {
			isa = PBXFrameworksBuildPhase;
			buildActionMask = 2147483647;
			files = (
			);
			runOnlyForDeploymentPostprocessing = 0;
		};
/* End PBXFrameworksBuildPhase section */

/* Begin PBXGroup section */
		832BAD961C1981A400038D1D = {
			isa = PBXGroup;
			children = (
				832BADA11C1981A400038D1D /* TP6_DING_Hongyang */,
				832BADA01C1981A400038D1D /* Products */,
			);
			sourceTree = "<group>";
		};
		832BADA01C1981A400038D1D /* Products */ = {
			isa = PBXGroup;
			children = (
				832BAD9F1C1981A400038D1D /* TP6_DING_Hongyang */,
			);
			name = Products;
			sourceTree = "<group>";
		};
		832BADA11C1981A400038D1D /* TP6_DING_Hongyang */ = {
			isa = PBXGroup;
			children = (
				832BADA21C1981A400038D1D /* main.cpp */,
				832BADA91C1981C400038D1D /* command_line.cpp */,
				832BADAA1C1981C400038D1D /* command_line.hpp */,
			);
			path = TP6_DING_Hongyang;
			sourceTree = "<group>";
		};
/* End PBXGroup section */

/* Begin PBXNativeTarget section */
		832BAD9E1C1981A400038D1D /* TP6_DING_Hongyang */ = {
			isa = PBXNativeTarget;
			buildConfigurationList = 832BADA61C1981A400038D1D /* Build configuration list for PBXNativeTarget "TP6_DING_Hongyang" */;
			buildPhases = (
				832BAD9B1C1981A400038D1D /* Sources */,
				832BAD9C1C1981A400038D1D /* Frameworks */,
				832BAD9D1C1981A400038D1D /* CopyFiles */,
			);
			buildRules = (
			);
			dependencies = (
			);
			name = TP6_DING_Hongyang;
			productName = TP6_DING_Hongyang;
			productReference = 832BAD9F1C1981A400038D1D /* TP6_DING_Hongyang */;
			productType = "com.apple.product-type.tool";
		};
/* End PBXNativeTarget section */

/* Begin PBXProject section */
		832BAD971C1981A400038D1D /* Project object */ = {
			isa = PBXProject;
			attributes = {
				LastUpgradeCheck = 0710;
				ORGANIZATIONNAME = dhy;
				TargetAttributes = {
					832BAD9E1C1981A400038D1D = {
						CreatedOnToolsVersion = 7.1.1;
					};
				};
			};
			buildConfigurationList = 832BAD9A1C1981A400038D1D /* Build configuration list for PBXProject "TP6_DING_Hongyang" */;
			compatibilityVersion = "Xcode 3.2";
			developmentRegion = English;
			hasScannedForEncodings = 0;
			knownRegions = (
				en,
			);
			mainGroup = 832BAD961C1981A400038D1D;
			productRefGroup = 832BADA01C1981A400038D1D /* Products */;
			projectDirPath = "";
			projectRoot = "";
			targets = (
				832BAD9E1C1981A400038D1D /* TP6_DING_Hongyang */,
			);
		};
/* End PBXProject section */

/* Begin PBXSourcesBuildPhase section */
		832BAD9B1C1981A400038D1D /* Sources */ = {
			isa = PBXSourcesBuildPhase;
			buildActionMask = 2147483647;
			files = (
				832BADA31C1981A400038D1D /* main.cpp in Sources */,
				832BADAB1C1981C400038D1D /* command_line.cpp in Sources */,
			);
			runOnlyForDeploymentPostprocessing = 0;
		};
/* End PBXSourcesBuildPhase section */

/* Begin XCBuildConfiguration section */
		832BADA41C1981A400038D1D /* Debug */ = {
			isa = XCBuildConfiguration;
			buildSettings = {
				ALWAYS_SEARCH_USER_PATHS = NO;
				CLANG_CXX_LANGUAGE_STANDARD = "gnu++0x";
				CLANG_CXX_LIBRARY = "libc++";
				CLANG_ENABLE_MODULES = YES;
				CLANG_ENABLE_OBJC_ARC = YES;
				CLANG_WARN_BOOL_CONVERSION = YES;
				CLANG_WARN_CONSTANT_CONVERSION = YES;
				CLANG_WARN_DIRECT_OBJC_ISA_USAGE = YES_ERROR;
				CLANG_WARN_EMPTY_BODY = YES;
				CLANG_WARN_ENUM_CONVERSION = YES;
				CLANG_WARN_INT_CONVERSION = YES;
				CLANG_WARN_OBJC_ROOT_CLASS = YES_ERROR;
				CLANG_WARN_UNREACHABLE_CODE = YES;
				CLANG_WARN__DUPLICATE_METHOD_MATCH = YES;
				CODE_SIGN_IDENTITY = "-";
				COPY_PHASE_STRIP = NO;
				DEBUG_INFORMATION_FORMAT = dwarf;
				ENABLE_STRICT_OBJC_MSGSEND = YES;
				ENABLE_TESTABILITY = YES;
				GCC_C_LANGUAGE_STANDARD = gnu99;
				GCC_DYNAMIC_NO_PIC = NO;
				GCC_NO_COMMON_BLOCKS = YES;
				GCC_OPTIMIZATION_LEVEL = 0;
				GCC_PREPROCESSOR_DEFINITIONS = (
					"DEBUG=1",
					"$(inherited)",
				);
				GCC_WARN_64_TO_32_BIT_CONVERSION = YES;
				GCC_WARN_ABOUT_RETURN_TYPE = YES_ERROR;
				GCC_WARN_UNDECLARED_SELECTOR = YES;
				GCC_WARN_UNINITIALIZED_AUTOS = YES_AGGRESSIVE;
				GCC_WARN_UNUSED_FUNCTION = YES;
				GCC_WARN_UNUSED_VARIABLE = YES;
				MACOSX_DEPLOYMENT_TARGET = 10.11;
				MTL_ENABLE_DEBUG_INFO = YES;
				ONLY_ACTIVE_ARCH = YES;
				SDKROOT = macosx;
			};
			name = Debug;
		};
		832BADA51C1981A400038D1D /* Release */ = {
			isa = XCBuildConfiguration;
			buildSettings = {
				ALWAYS_SEARCH_USER_PATHS = NO;
				CLANG_CXX_LANGUAGE_STANDARD = "gnu++0x";
				CLANG_CXX_LIBRARY = "libc++";
				CLANG_ENABLE_MODULES = YES;
				CLANG_ENABLE_OBJC_ARC = YES;
				CLANG_WARN_BOOL_CONVERSION = YES;
				CLANG_WARN_CONSTANT_CONVERSION = YES;
				CLANG_WARN_DIRECT_OBJC_ISA_USAGE = YES_ERROR;
				CLANG_WARN_EMPTY_BODY = YES;
				CLANG_WARN_ENUM_CONVERSION = YES;
				CLANG_WARN_INT_CONVERSION = YES;
				CLANG_WARN_OBJC_ROOT_CLASS = YES_ERROR;
				CLANG_WARN_UNREACHABLE_CODE = YES;
				CLANG_WARN__DUPLICATE_METHOD_MATCH = YES;
				CODE_SIGN_IDENTITY = "-";
				COPY_PHASE_STRIP = NO;
				DEBUG_INFORMATION_FORMAT = "dwarf-with-dsym";
				ENABLE_NS_ASSERTIONS = NO;
				ENABLE_STRICT_OBJC_MSGSEND = YES;
				GCC_C_LANGUAGE_STANDARD = gnu99;
				GCC_NO_COMMON_BLOCKS = YES;
				GCC_WARN_64_TO_32_BIT_CONVERSION = YES;
				GCC_WARN_ABOUT_RETURN_TYPE = YES_ERROR;
				GCC_WARN_UNDECLARED_SELECTOR = YES;
				GCC_WARN_UNINITIALIZED_AUTOS = YES_AGGRESSIVE;
				GCC_WARN_UNUSED_FUNCTION = YES;
				GCC_WARN_UNUSED_VARIABLE = YES;
				MACOSX_DEPLOYMENT_TARGET = 10.11;
				MTL_ENABLE_DEBUG_INFO = NO;
				SDKROOT = macosx;
			};
			name = Release;
		};
		832BADA71C1981A400038D1D /* Debug */ = {
			isa = XCBuildConfiguration;
			buildSettings = {
				PRODUCT_NAME = "$(TARGET_NAME)";
			};
			name = Debug;
		};
		832BADA81C1981A400038D1D /* Release */ = {
			isa = XCBuildConfiguration;
			buildSettings = {
				PRODUCT_NAME = "$(TARGET_NAME)";
			};
			name = Release;
		};
/* End XCBuildConfiguration section */

/* Begin XCConfigurationList section */
		832BAD9A1C1981A400038D1D /* Build configuration list for PBXProject "TP6_DING_Hongyang" */ = {
			isa = XCConfigurationList;
			buildConfigurations = (
				832BADA41C1981A400038D1D /* Debug */,
				832BADA51C1981A400038D1D /* Release */,
			);
			defaultConfigurationIsVisible = 0;
			defaultConfigurationName = Release;
		};
		832BADA61C1981A400038D1D /* Build configuration list for PBXNativeTarget "TP6_DING_Hongyang" */ = {
			isa = XCConfigurationList;
			buildConfigurations = (
				832BADA71C1981A400038D1D /* Debug */,
				832BADA81C1981A400038D1D /* Release */,
			);
			defaultConfigurationIsVisible = 0;
		};
/* End XCConfigurationList section */
	};
	rootObject = 832BAD971C1981A400038D1D /* Project object */;
}
